{
    "content-hash": "a7b8c9d0e1f2g3h4i5j6k7l8m9n0o1p2q3r4s5t6u7v8w9x0y1z2a3b4c5d6e7f8",
    "packages": [
        {
            "name": "shopware/administration",
            "version": "6.6.7.0",
            "source": {
                "type": "git",
                "url": "https://github.com/shopware/administration.git",
                "reference": "6.6.7.0"
            },
            "type": "shopware-platform-plugin",
            "license": ["MIT"],
            "description": "Shopware Administration",
            "require": {
                "php": ">=8.1"
            }
        },
        {
            "name": "shopware/core",
            "version": "6.6.7.0",
            "source": {
                "type": "git",
                "url": "https://github.com/shopware/core.git",
                "reference": "6.6.7.0"
            },
            "type": "shopware-platform-plugin",
            "license": ["MIT"],
            "description": "Shopware Core",
            "require": {
                "php": ">=8.1"
            }
        },
        {
            "name": "shopware/elasticsearch",
            "version": "6.6.7.0",
            "source": {
                "type": "git",
                "url": "https://github.com/shopware/elasticsearch.git",
                "reference": "6.6.7.0"
            },
            "type": "shopware-platform-plugin",
            "license": ["MIT"],
            "description": "Shopware Elasticsearch",
            "require": {
                "php": ">=8.1"
            }
        },
        {
            "name": "shopware/storefront",
            "version": "6.6.7.0",
            "source": {
                "type": "git",
                "url": "https://github.com/shopware/storefront.git",
                "reference": "6.6.7.0"
            },
            "type": "shopware-platform-plugin",
            "license": ["MIT"],
            "description": "Shopware Storefront",
            "require": {
                "php": ">=8.1"
            }
        },
        {
            "name": "shopware/conflicts",
            "version": "0.3.0",
            "source": {
                "type": "git",
                "url": "https://github.com/shopware/conflicts.git",
                "reference": "0.3.0"
            },
            "type": "shopware-platform-plugin",
            "license": ["MIT"],
            "description": "Shopware Conflicts",
            "require": {
                "php": ">=8.1"
            }
        }
    ],
    "packages-dev": [],
    "aliases": [],
    "minimum-stability": "stable",
    "stability-flags": [],
    "prefer-stable": true,
    "prefer-lowest": false,
    "platform": {
        "php": "8.1.0"
    },
    "platform-dev": []
}